// !$*UTF8*$!
{
	archiveVersion = 1;
	classes = {
	};
	objectVersion = 56;
	objects = {

/* Begin PBXBuildFile section */
		B928A4562949DAE000D5C1AE /* AppDelegate.swift in Sources */ = {isa = PBXBuildFile; fileRef = B928A4552949DAE000D5C1AE /* AppDelegate.swift */; };
		B928A4582949DAE000D5C1AE /* SceneDelegate.swift in Sources */ = {isa = PBXBuildFile; fileRef = B928A4572949DAE000D5C1AE /* SceneDelegate.swift */; };
		B928A45A2949DAE000D5C1AE /* MainViewController.swift in Sources */ = {isa = PBXBuildFile; fileRef = B928A4592949DAE000D5C1AE /* MainViewController.swift */; };
		B928A4622949DAE200D5C1AE /* Assets.xcassets in Resources */ = {isa = PBXBuildFile; fileRef = B928A4612949DAE200D5C1AE /* Assets.xcassets */; };
		B928A4652949DAE200D5C1AE /* LaunchScreen.storyboard in Resources */ = {isa = PBXBuildFile; fileRef = B928A4632949DAE200D5C1AE /* LaunchScreen.storyboard */; };
		B928A4842949E64D00D5C1AE /* BaseView.swift in Sources */ = {isa = PBXBuildFile; fileRef = B928A4832949E64D00D5C1AE /* BaseView.swift */; };
		B928A4862949E66300D5C1AE /* BaseView+Extension.swift in Sources */ = {isa = PBXBuildFile; fileRef = B928A4852949E66300D5C1AE /* BaseView+Extension.swift */; };
		B928A4882949E77900D5C1AE /* MainViewController+Extension.swift in Sources */ = {isa = PBXBuildFile; fileRef = B928A4872949E77900D5C1AE /* MainViewController+Extension.swift */; };
		B928A48A2949EBAF00D5C1AE /* FilmsModel.swift in Sources */ = {isa = PBXBuildFile; fileRef = B928A4892949EBAF00D5C1AE /* FilmsModel.swift */; };
		B928A48C294A780900D5C1AE /* MainViewModel.swift in Sources */ = {isa = PBXBuildFile; fileRef = B928A48B294A780900D5C1AE /* MainViewModel.swift */; };
		B928A494294A7D6800D5C1AE /* StorageManager.swift in Sources */ = {isa = PBXBuildFile; fileRef = B928A493294A7D6800D5C1AE /* StorageManager.swift */; };
		B928A497294A7DDB00D5C1AE /* Storage.xcdatamodeld in Sources */ = {isa = PBXBuildFile; fileRef = B928A495294A7DDB00D5C1AE /* Storage.xcdatamodeld */; };
		B928A4A1294A7F7E00D5C1AE /* FilmsStorageManager.swift in Sources */ = {isa = PBXBuildFile; fileRef = B928A4A0294A7F7E00D5C1AE /* FilmsStorageManager.swift */; };
		B95E92DD294C7ABE0072086B /* NetworkInterface.swift in Sources */ = {isa = PBXBuildFile; fileRef = B95E92DC294C7ABE0072086B /* NetworkInterface.swift */; };
		B95E92DF294C7AD20072086B /* APIManager.swift in Sources */ = {isa = PBXBuildFile; fileRef = B95E92DE294C7AD20072086B /* APIManager.swift */; };
		B95E92E1294C7AE20072086B /* APIError.swift in Sources */ = {isa = PBXBuildFile; fileRef = B95E92E0294C7AE20072086B /* APIError.swift */; };
		B95E92F229502D570072086B /* PersonViewController.swift in Sources */ = {isa = PBXBuildFile; fileRef = B95E92F129502D570072086B /* PersonViewController.swift */; };
		B95E92FB295034850072086B /* PersonViewModel.swift in Sources */ = {isa = PBXBuildFile; fileRef = B95E92FA295034850072086B /* PersonViewModel.swift */; };
		B95E9300295039840072086B /* FilmsEntity+CoreDataClass.swift in Sources */ = {isa = PBXBuildFile; fileRef = B95E92FE295039840072086B /* FilmsEntity+CoreDataClass.swift */; };
		B95E9301295039840072086B /* FilmsEntity+CoreDataProperties.swift in Sources */ = {isa = PBXBuildFile; fileRef = B95E92FF295039840072086B /* FilmsEntity+CoreDataProperties.swift */; };
		B95E930329503C480072086B /* PersonModel.swift in Sources */ = {isa = PBXBuildFile; fileRef = B95E930229503C480072086B /* PersonModel.swift */; };
		B95E930729503F120072086B /* PersonTableViewCell.swift in Sources */ = {isa = PBXBuildFile; fileRef = B95E930629503F120072086B /* PersonTableViewCell.swift */; };
		B95E930C295046F60072086B /* BaseCell.swift in Sources */ = {isa = PBXBuildFile; fileRef = B95E930B295046F60072086B /* BaseCell.swift */; };
		B95E930E295046FC0072086B /* BaseCell+Extension.swift in Sources */ = {isa = PBXBuildFile; fileRef = B95E930D295046FC0072086B /* BaseCell+Extension.swift */; };
		B95E9310295048730072086B /* MainTableViewCell.swift in Sources */ = {isa = PBXBuildFile; fileRef = B95E930F295048730072086B /* MainTableViewCell.swift */; };
		B95E931229504D740072086B /* NetworkService.swift in Sources */ = {isa = PBXBuildFile; fileRef = B95E931129504D740072086B /* NetworkService.swift */; };
		B95E93152950A8300072086B /* WorldViewController.swift in Sources */ = {isa = PBXBuildFile; fileRef = B95E93142950A8300072086B /* WorldViewController.swift */; };
		B95E93172950A8610072086B /* WorldViewModel.swift in Sources */ = {isa = PBXBuildFile; fileRef = B95E93162950A8610072086B /* WorldViewModel.swift */; };
		B95E93192950A8B90072086B /* WorldModel.swift in Sources */ = {isa = PBXBuildFile; fileRef = B95E93182950A8B90072086B /* WorldModel.swift */; };
		B95E931C2950AC960072086B /* WorldView.swift in Sources */ = {isa = PBXBuildFile; fileRef = B95E931B2950AC960072086B /* WorldView.swift */; };
		B95E931E2950AE4D0072086B /* WorldView+Extension.swift in Sources */ = {isa = PBXBuildFile; fileRef = B95E931D2950AE4D0072086B /* WorldView+Extension.swift */; };
		B95E93232951C8B40072086B /* PersonEntity+CoreDataClass.swift in Sources */ = {isa = PBXBuildFile; fileRef = B95E931F2951C8B40072086B /* PersonEntity+CoreDataClass.swift */; };
		B95E93242951C8B40072086B /* PersonEntity+CoreDataProperties.swift in Sources */ = {isa = PBXBuildFile; fileRef = B95E93202951C8B40072086B /* PersonEntity+CoreDataProperties.swift */; };
		B95E93252951C8B40072086B /* WorldEntity+CoreDataClass.swift in Sources */ = {isa = PBXBuildFile; fileRef = B95E93212951C8B40072086B /* WorldEntity+CoreDataClass.swift */; };
		B95E93262951C8B40072086B /* WorldEntity+CoreDataProperties.swift in Sources */ = {isa = PBXBuildFile; fileRef = B95E93222951C8B40072086B /* WorldEntity+CoreDataProperties.swift */; };
		B95E932A2951C8F60072086B /* PersonStorageManager.swift in Sources */ = {isa = PBXBuildFile; fileRef = B95E93292951C8F60072086B /* PersonStorageManager.swift */; };
		B95E932C2951DE3F0072086B /* WorldStorageManager.swift in Sources */ = {isa = PBXBuildFile; fileRef = B95E932B2951DE3F0072086B /* WorldStorageManager.swift */; };
		B95E932E2951E83D0072086B /* UITextField+Extension.swift in Sources */ = {isa = PBXBuildFile; fileRef = B95E932D2951E83D0072086B /* UITextField+Extension.swift */; };
		B95E9331295204F80072086B /* UIControl+Extension.swift in Sources */ = {isa = PBXBuildFile; fileRef = B95E9330295204F80072086B /* UIControl+Extension.swift */; };
/* End PBXBuildFile section */

/* Begin PBXFileReference section */
		B928A4522949DAE000D5C1AE /* starWarsList.app */ = {isa = PBXFileReference; explicitFileType = wrapper.application; includeInIndex = 0; path = starWarsList.app; sourceTree = BUILT_PRODUCTS_DIR; };
		B928A4552949DAE000D5C1AE /* AppDelegate.swift */ = {isa = PBXFileReference; lastKnownFileType = sourcecode.swift; path = AppDelegate.swift; sourceTree = "<group>"; };
		B928A4572949DAE000D5C1AE /* SceneDelegate.swift */ = {isa = PBXFileReference; lastKnownFileType = sourcecode.swift; path = SceneDelegate.swift; sourceTree = "<group>"; };
		B928A4592949DAE000D5C1AE /* MainViewController.swift */ = {isa = PBXFileReference; lastKnownFileType = sourcecode.swift; path = MainViewController.swift; sourceTree = "<group>"; };
		B928A4612949DAE200D5C1AE /* Assets.xcassets */ = {isa = PBXFileReference; lastKnownFileType = folder.assetcatalog; path = Assets.xcassets; sourceTree = "<group>"; };
		B928A4642949DAE200D5C1AE /* Base */ = {isa = PBXFileReference; lastKnownFileType = file.storyboard; name = Base; path = Base.lproj/LaunchScreen.storyboard; sourceTree = "<group>"; };
		B928A4662949DAE200D5C1AE /* Info.plist */ = {isa = PBXFileReference; lastKnownFileType = text.plist.xml; path = Info.plist; sourceTree = "<group>"; };
		B928A4832949E64D00D5C1AE /* BaseView.swift */ = {isa = PBXFileReference; lastKnownFileType = sourcecode.swift; path = BaseView.swift; sourceTree = "<group>"; };
		B928A4852949E66300D5C1AE /* BaseView+Extension.swift */ = {isa = PBXFileReference; lastKnownFileType = sourcecode.swift; path = "BaseView+Extension.swift"; sourceTree = "<group>"; };
		B928A4872949E77900D5C1AE /* MainViewController+Extension.swift */ = {isa = PBXFileReference; lastKnownFileType = sourcecode.swift; path = "MainViewController+Extension.swift"; sourceTree = "<group>"; };
		B928A4892949EBAF00D5C1AE /* FilmsModel.swift */ = {isa = PBXFileReference; lastKnownFileType = sourcecode.swift; path = FilmsModel.swift; sourceTree = "<group>"; };
		B928A48B294A780900D5C1AE /* MainViewModel.swift */ = {isa = PBXFileReference; lastKnownFileType = sourcecode.swift; path = MainViewModel.swift; sourceTree = "<group>"; };
		B928A493294A7D6800D5C1AE /* StorageManager.swift */ = {isa = PBXFileReference; lastKnownFileType = sourcecode.swift; path = StorageManager.swift; sourceTree = "<group>"; };
		B928A496294A7DDB00D5C1AE /* Storage.xcdatamodel */ = {isa = PBXFileReference; lastKnownFileType = wrapper.xcdatamodel; path = Storage.xcdatamodel; sourceTree = "<group>"; };
		B928A4A0294A7F7E00D5C1AE /* FilmsStorageManager.swift */ = {isa = PBXFileReference; lastKnownFileType = sourcecode.swift; path = FilmsStorageManager.swift; sourceTree = "<group>"; };
		B95E92DC294C7ABE0072086B /* NetworkInterface.swift */ = {isa = PBXFileReference; lastKnownFileType = sourcecode.swift; path = NetworkInterface.swift; sourceTree = "<group>"; };
		B95E92DE294C7AD20072086B /* APIManager.swift */ = {isa = PBXFileReference; lastKnownFileType = sourcecode.swift; path = APIManager.swift; sourceTree = "<group>"; };
		B95E92E0294C7AE20072086B /* APIError.swift */ = {isa = PBXFileReference; lastKnownFileType = sourcecode.swift; path = APIError.swift; sourceTree = "<group>"; };
		B95E92F129502D570072086B /* PersonViewController.swift */ = {isa = PBXFileReference; lastKnownFileType = sourcecode.swift; path = PersonViewController.swift; sourceTree = "<group>"; };
		B95E92FA295034850072086B /* PersonViewModel.swift */ = {isa = PBXFileReference; lastKnownFileType = sourcecode.swift; path = PersonViewModel.swift; sourceTree = "<group>"; };
		B95E92FE295039840072086B /* FilmsEntity+CoreDataClass.swift */ = {isa = PBXFileReference; lastKnownFileType = sourcecode.swift; path = "FilmsEntity+CoreDataClass.swift"; sourceTree = "<group>"; };
		B95E92FF295039840072086B /* FilmsEntity+CoreDataProperties.swift */ = {isa = PBXFileReference; lastKnownFileType = sourcecode.swift; path = "FilmsEntity+CoreDataProperties.swift"; sourceTree = "<group>"; };
		B95E930229503C480072086B /* PersonModel.swift */ = {isa = PBXFileReference; lastKnownFileType = sourcecode.swift; path = PersonModel.swift; sourceTree = "<group>"; };
		B95E930629503F120072086B /* PersonTableViewCell.swift */ = {isa = PBXFileReference; lastKnownFileType = sourcecode.swift; path = PersonTableViewCell.swift; sourceTree = "<group>"; };
		B95E930B295046F60072086B /* BaseCell.swift */ = {isa = PBXFileReference; lastKnownFileType = sourcecode.swift; path = BaseCell.swift; sourceTree = "<group>"; };
		B95E930D295046FC0072086B /* BaseCell+Extension.swift */ = {isa = PBXFileReference; lastKnownFileType = sourcecode.swift; path = "BaseCell+Extension.swift"; sourceTree = "<group>"; };
		B95E930F295048730072086B /* MainTableViewCell.swift */ = {isa = PBXFileReference; lastKnownFileType = sourcecode.swift; path = MainTableViewCell.swift; sourceTree = "<group>"; };
		B95E931129504D740072086B /* NetworkService.swift */ = {isa = PBXFileReference; lastKnownFileType = sourcecode.swift; path = NetworkService.swift; sourceTree = "<group>"; };
		B95E93142950A8300072086B /* WorldViewController.swift */ = {isa = PBXFileReference; lastKnownFileType = sourcecode.swift; path = WorldViewController.swift; sourceTree = "<group>"; };
		B95E93162950A8610072086B /* WorldViewModel.swift */ = {isa = PBXFileReference; lastKnownFileType = sourcecode.swift; path = WorldViewModel.swift; sourceTree = "<group>"; };
		B95E93182950A8B90072086B /* WorldModel.swift */ = {isa = PBXFileReference; lastKnownFileType = sourcecode.swift; path = WorldModel.swift; sourceTree = "<group>"; };
		B95E931B2950AC960072086B /* WorldView.swift */ = {isa = PBXFileReference; lastKnownFileType = sourcecode.swift; path = WorldView.swift; sourceTree = "<group>"; };
		B95E931D2950AE4D0072086B /* WorldView+Extension.swift */ = {isa = PBXFileReference; lastKnownFileType = sourcecode.swift; path = "WorldView+Extension.swift"; sourceTree = "<group>"; };
		B95E931F2951C8B40072086B /* PersonEntity+CoreDataClass.swift */ = {isa = PBXFileReference; lastKnownFileType = sourcecode.swift; path = "PersonEntity+CoreDataClass.swift"; sourceTree = "<group>"; };
		B95E93202951C8B40072086B /* PersonEntity+CoreDataProperties.swift */ = {isa = PBXFileReference; lastKnownFileType = sourcecode.swift; path = "PersonEntity+CoreDataProperties.swift"; sourceTree = "<group>"; };
		B95E93212951C8B40072086B /* WorldEntity+CoreDataClass.swift */ = {isa = PBXFileReference; lastKnownFileType = sourcecode.swift; path = "WorldEntity+CoreDataClass.swift"; sourceTree = "<group>"; };
		B95E93222951C8B40072086B /* WorldEntity+CoreDataProperties.swift */ = {isa = PBXFileReference; lastKnownFileType = sourcecode.swift; path = "WorldEntity+CoreDataProperties.swift"; sourceTree = "<group>"; };
		B95E93292951C8F60072086B /* PersonStorageManager.swift */ = {isa = PBXFileReference; lastKnownFileType = sourcecode.swift; path = PersonStorageManager.swift; sourceTree = "<group>"; };
		B95E932B2951DE3F0072086B /* WorldStorageManager.swift */ = {isa = PBXFileReference; lastKnownFileType = sourcecode.swift; path = WorldStorageManager.swift; sourceTree = "<group>"; };
		B95E932D2951E83D0072086B /* UITextField+Extension.swift */ = {isa = PBXFileReference; lastKnownFileType = sourcecode.swift; path = "UITextField+Extension.swift"; sourceTree = "<group>"; };
		B95E9330295204F80072086B /* UIControl+Extension.swift */ = {isa = PBXFileReference; lastKnownFileType = sourcecode.swift; path = "UIControl+Extension.swift"; sourceTree = "<group>"; };
/* End PBXFileReference section */

/* Begin PBXFrameworksBuildPhase section */
		B928A44F2949DAE000D5C1AE /* Frameworks */ = {
			isa = PBXFrameworksBuildPhase;
			buildActionMask = 2147483647;
			files = (
			);
			runOnlyForDeploymentPostprocessing = 0;
		};
/* End PBXFrameworksBuildPhase section */

/* Begin PBXGroup section */
		B928A4492949DAE000D5C1AE = {
			isa = PBXGroup;
			children = (
				B928A4542949DAE000D5C1AE /* starWarsList */,
				B928A4532949DAE000D5C1AE /* Products */,
			);
			sourceTree = "<group>";
		};
		B928A4532949DAE000D5C1AE /* Products */ = {
			isa = PBXGroup;
			children = (
				B928A4522949DAE000D5C1AE /* starWarsList.app */,
			);
			name = Products;
			sourceTree = "<group>";
		};
		B928A4542949DAE000D5C1AE /* starWarsList */ = {
			isa = PBXGroup;
			children = (
				B928A46C2949E14B00D5C1AE /* Common */,
				B928A4822949E62000D5C1AE /* Services */,
				B95E92F8295030400072086B /* ReusableViews */,
				B95E932F2951F6C40072086B /* Extensions */,
				B928A4702949E22800D5C1AE /* Controllers */,
				B928A4612949DAE200D5C1AE /* Assets.xcassets */,
				B928A4632949DAE200D5C1AE /* LaunchScreen.storyboard */,
				B928A4662949DAE200D5C1AE /* Info.plist */,
			);
			path = starWarsList;
			sourceTree = "<group>";
		};
		B928A46C2949E14B00D5C1AE /* Common */ = {
			isa = PBXGroup;
			children = (
				B928A4552949DAE000D5C1AE /* AppDelegate.swift */,
				B928A4572949DAE000D5C1AE /* SceneDelegate.swift */,
			);
			path = Common;
			sourceTree = "<group>";
		};
		B928A46D2949E1E400D5C1AE /* Main */ = {
			isa = PBXGroup;
			children = (
				B928A4712949E23E00D5C1AE /* Model */,
				B928A4722949E24500D5C1AE /* View */,
				B928A4732949E24A00D5C1AE /* ViewModel */,
			);
			path = Main;
			sourceTree = "<group>";
		};
		B928A46E2949E1EF00D5C1AE /* Person */ = {
			isa = PBXGroup;
			children = (
				B928A47A2949E28800D5C1AE /* Model */,
				B928A4792949E28200D5C1AE /* View */,
				B928A4782949E27A00D5C1AE /* ViewModel */,
			);
			path = Person;
			sourceTree = "<group>";
		};
		B928A46F2949E1FD00D5C1AE /* World */ = {
			isa = PBXGroup;
			children = (
				B928A4752949E26800D5C1AE /* Model */,
				B928A4762949E26C00D5C1AE /* View */,
				B928A4772949E27000D5C1AE /* ViewModel */,
			);
			path = World;
			sourceTree = "<group>";
		};
		B928A4702949E22800D5C1AE /* Controllers */ = {
			isa = PBXGroup;
			children = (
				B928A46D2949E1E400D5C1AE /* Main */,
				B928A46E2949E1EF00D5C1AE /* Person */,
				B928A46F2949E1FD00D5C1AE /* World */,
			);
			path = Controllers;
			sourceTree = "<group>";
		};
		B928A4712949E23E00D5C1AE /* Model */ = {
			isa = PBXGroup;
			children = (
				B928A4892949EBAF00D5C1AE /* FilmsModel.swift */,
			);
			path = Model;
			sourceTree = "<group>";
		};
		B928A4722949E24500D5C1AE /* View */ = {
			isa = PBXGroup;
			children = (
				B95E92E3294C7DD40072086B /* ViewController */,
				B95E92E4294C7DDA0072086B /* Cell */,
			);
			path = View;
			sourceTree = "<group>";
		};
		B928A4732949E24A00D5C1AE /* ViewModel */ = {
			isa = PBXGroup;
			children = (
				B928A48B294A780900D5C1AE /* MainViewModel.swift */,
			);
			path = ViewModel;
			sourceTree = "<group>";
		};
		B928A4752949E26800D5C1AE /* Model */ = {
			isa = PBXGroup;
			children = (
				B95E93182950A8B90072086B /* WorldModel.swift */,
			);
			path = Model;
			sourceTree = "<group>";
		};
		B928A4762949E26C00D5C1AE /* View */ = {
			isa = PBXGroup;
			children = (
				B95E931A2950AC8F0072086B /* View */,
				B95E93132950A7CE0072086B /* ViewController */,
			);
			path = View;
			sourceTree = "<group>";
		};
		B928A4772949E27000D5C1AE /* ViewModel */ = {
			isa = PBXGroup;
			children = (
				B95E93162950A8610072086B /* WorldViewModel.swift */,
			);
			path = ViewModel;
			sourceTree = "<group>";
		};
		B928A4782949E27A00D5C1AE /* ViewModel */ = {
			isa = PBXGroup;
			children = (
				B95E92FA295034850072086B /* PersonViewModel.swift */,
			);
			path = ViewModel;
			sourceTree = "<group>";
		};
		B928A4792949E28200D5C1AE /* View */ = {
			isa = PBXGroup;
			children = (
				B95E92F729502E180072086B /* ViewController */,
				B95E92F9295034680072086B /* Cell */,
			);
			path = View;
			sourceTree = "<group>";
		};
		B928A47A2949E28800D5C1AE /* Model */ = {
			isa = PBXGroup;
			children = (
				B95E930229503C480072086B /* PersonModel.swift */,
			);
			path = Model;
			sourceTree = "<group>";
		};
		B928A4812949E61900D5C1AE /* Network */ = {
			isa = PBXGroup;
			children = (
				B95E92E0294C7AE20072086B /* APIError.swift */,
				B95E92DE294C7AD20072086B /* APIManager.swift */,
				B95E92DC294C7ABE0072086B /* NetworkInterface.swift */,
				B95E931129504D740072086B /* NetworkService.swift */,
			);
			path = Network;
			sourceTree = "<group>";
		};
		B928A4822949E62000D5C1AE /* Services */ = {
			isa = PBXGroup;
			children = (
				B928A490294A7D2F00D5C1AE /* CoreData */,
				B928A4812949E61900D5C1AE /* Network */,
			);
			path = Services;
			sourceTree = "<group>";
		};
		B928A490294A7D2F00D5C1AE /* CoreData */ = {
			isa = PBXGroup;
			children = (
				B928A492294A7D5D00D5C1AE /* Model */,
				B928A491294A7D5800D5C1AE /* Manager */,
			);
			path = CoreData;
			sourceTree = "<group>";
		};
		B928A491294A7D5800D5C1AE /* Manager */ = {
			isa = PBXGroup;
			children = (
				B928A493294A7D6800D5C1AE /* StorageManager.swift */,
				B928A4A0294A7F7E00D5C1AE /* FilmsStorageManager.swift */,
				B95E93292951C8F60072086B /* PersonStorageManager.swift */,
				B95E932B2951DE3F0072086B /* WorldStorageManager.swift */,
			);
			path = Manager;
			sourceTree = "<group>";
		};
		B928A492294A7D5D00D5C1AE /* Model */ = {
			isa = PBXGroup;
			children = (
				B928A495294A7DDB00D5C1AE /* Storage.xcdatamodeld */,
				B928A49C294A7F5B00D5C1AE /* Films */,
				B95E93282951C8C50072086B /* Person */,
				B95E93272951C8BD0072086B /* World */,
			);
			path = Model;
			sourceTree = "<group>";
		};
		B928A49C294A7F5B00D5C1AE /* Films */ = {
			isa = PBXGroup;
			children = (
				B95E92FE295039840072086B /* FilmsEntity+CoreDataClass.swift */,
				B95E92FF295039840072086B /* FilmsEntity+CoreDataProperties.swift */,
			);
			path = Films;
			sourceTree = "<group>";
		};
		B95E92E2294C7DCE0072086B /* BaseView */ = {
			isa = PBXGroup;
			children = (
				B928A4832949E64D00D5C1AE /* BaseView.swift */,
				B928A4852949E66300D5C1AE /* BaseView+Extension.swift */,
			);
			path = BaseView;
			sourceTree = "<group>";
		};
		B95E92E3294C7DD40072086B /* ViewController */ = {
			isa = PBXGroup;
			children = (
				B928A4592949DAE000D5C1AE /* MainViewController.swift */,
				B928A4872949E77900D5C1AE /* MainViewController+Extension.swift */,
			);
			path = ViewController;
			sourceTree = "<group>";
		};
		B95E92E4294C7DDA0072086B /* Cell */ = {
			isa = PBXGroup;
			children = (
				B95E930F295048730072086B /* MainTableViewCell.swift */,
			);
			path = Cell;
			sourceTree = "<group>";
		};
		B95E92F729502E180072086B /* ViewController */ = {
			isa = PBXGroup;
			children = (
				B95E92F129502D570072086B /* PersonViewController.swift */,
			);
			path = ViewController;
			sourceTree = "<group>";
		};
		B95E92F8295030400072086B /* ReusableViews */ = {
			isa = PBXGroup;
			children = (
				B95E92E2294C7DCE0072086B /* BaseView */,
				B95E930A295046E50072086B /* BaseCell */,
			);
			path = ReusableViews;
			sourceTree = "<group>";
		};
		B95E92F9295034680072086B /* Cell */ = {
			isa = PBXGroup;
			children = (
				B95E930629503F120072086B /* PersonTableViewCell.swift */,
			);
			path = Cell;
			sourceTree = "<group>";
		};
		B95E930A295046E50072086B /* BaseCell */ = {
			isa = PBXGroup;
			children = (
				B95E930B295046F60072086B /* BaseCell.swift */,
				B95E930D295046FC0072086B /* BaseCell+Extension.swift */,
			);
			path = BaseCell;
			sourceTree = "<group>";
		};
		B95E93132950A7CE0072086B /* ViewController */ = {
			isa = PBXGroup;
			children = (
				B95E93142950A8300072086B /* WorldViewController.swift */,
			);
			path = ViewController;
			sourceTree = "<group>";
		};
		B95E931A2950AC8F0072086B /* View */ = {
			isa = PBXGroup;
			children = (
				B95E931B2950AC960072086B /* WorldView.swift */,
				B95E931D2950AE4D0072086B /* WorldView+Extension.swift */,
			);
			path = View;
			sourceTree = "<group>";
		};
		B95E93272951C8BD0072086B /* World */ = {
			isa = PBXGroup;
			children = (
				B95E93212951C8B40072086B /* WorldEntity+CoreDataClass.swift */,
				B95E93222951C8B40072086B /* WorldEntity+CoreDataProperties.swift */,
			);
			path = World;
			sourceTree = "<group>";
		};
		B95E93282951C8C50072086B /* Person */ = {
			isa = PBXGroup;
			children = (
				B95E931F2951C8B40072086B /* PersonEntity+CoreDataClass.swift */,
				B95E93202951C8B40072086B /* PersonEntity+CoreDataProperties.swift */,
			);
			path = Person;
			sourceTree = "<group>";
		};
		B95E932F2951F6C40072086B /* Extensions */ = {
			isa = PBXGroup;
			children = (
				B95E932D2951E83D0072086B /* UITextField+Extension.swift */,
				B95E9330295204F80072086B /* UIControl+Extension.swift */,
			);
			path = Extensions;
			sourceTree = "<group>";
		};
/* End PBXGroup section */

/* Begin PBXNativeTarget section */
		B928A4512949DAE000D5C1AE /* starWarsList */ = {
			isa = PBXNativeTarget;
			buildConfigurationList = B928A4692949DAE200D5C1AE /* Build configuration list for PBXNativeTarget "starWarsList" */;
			buildPhases = (
				B928A44E2949DAE000D5C1AE /* Sources */,
				B928A44F2949DAE000D5C1AE /* Frameworks */,
				B928A4502949DAE000D5C1AE /* Resources */,
			);
			buildRules = (
			);
			dependencies = (
			);
			name = starWarsList;
			productName = starWarsList;
			productReference = B928A4522949DAE000D5C1AE /* starWarsList.app */;
			productType = "com.apple.product-type.application";
		};
/* End PBXNativeTarget section */

/* Begin PBXProject section */
		B928A44A2949DAE000D5C1AE /* Project object */ = {
			isa = PBXProject;
			attributes = {
				BuildIndependentTargetsInParallel = 1;
				LastSwiftUpdateCheck = 1410;
				LastUpgradeCheck = 1410;
				TargetAttributes = {
					B928A4512949DAE000D5C1AE = {
						CreatedOnToolsVersion = 14.1;
					};
				};
			};
			buildConfigurationList = B928A44D2949DAE000D5C1AE /* Build configuration list for PBXProject "starWarsList" */;
			compatibilityVersion = "Xcode 14.0";
			developmentRegion = en;
			hasScannedForEncodings = 0;
			knownRegions = (
				en,
				Base,
			);
			mainGroup = B928A4492949DAE000D5C1AE;
			productRefGroup = B928A4532949DAE000D5C1AE /* Products */;
			projectDirPath = "";
			projectRoot = "";
			targets = (
				B928A4512949DAE000D5C1AE /* starWarsList */,
			);
		};
/* End PBXProject section */

/* Begin PBXResourcesBuildPhase section */
		B928A4502949DAE000D5C1AE /* Resources */ = {
			isa = PBXResourcesBuildPhase;
			buildActionMask = 2147483647;
			files = (
				B928A4652949DAE200D5C1AE /* LaunchScreen.storyboard in Resources */,
				B928A4622949DAE200D5C1AE /* Assets.xcassets in Resources */,
			);
			runOnlyForDeploymentPostprocessing = 0;
		};
/* End PBXResourcesBuildPhase section */

/* Begin PBXSourcesBuildPhase section */
		B928A44E2949DAE000D5C1AE /* Sources */ = {
			isa = PBXSourcesBuildPhase;
			buildActionMask = 2147483647;
			files = (
				B95E932A2951C8F60072086B /* PersonStorageManager.swift in Sources */,
				B95E930329503C480072086B /* PersonModel.swift in Sources */,
				B928A4862949E66300D5C1AE /* BaseView+Extension.swift in Sources */,
				B95E92DF294C7AD20072086B /* APIManager.swift in Sources */,
				B95E932C2951DE3F0072086B /* WorldStorageManager.swift in Sources */,
				B95E93172950A8610072086B /* WorldViewModel.swift in Sources */,
				B95E93242951C8B40072086B /* PersonEntity+CoreDataProperties.swift in Sources */,
				B95E93192950A8B90072086B /* WorldModel.swift in Sources */,
				B95E92FB295034850072086B /* PersonViewModel.swift in Sources */,
				B928A4842949E64D00D5C1AE /* BaseView.swift in Sources */,
				B928A4882949E77900D5C1AE /* MainViewController+Extension.swift in Sources */,
				B928A48A2949EBAF00D5C1AE /* FilmsModel.swift in Sources */,
				B928A45A2949DAE000D5C1AE /* MainViewController.swift in Sources */,
				B95E93152950A8300072086B /* WorldViewController.swift in Sources */,
				B95E932E2951E83D0072086B /* UITextField+Extension.swift in Sources */,
				B95E9331295204F80072086B /* UIControl+Extension.swift in Sources */,
				B95E931C2950AC960072086B /* WorldView.swift in Sources */,
				B95E93252951C8B40072086B /* WorldEntity+CoreDataClass.swift in Sources */,
				B95E931229504D740072086B /* NetworkService.swift in Sources */,
				B95E931E2950AE4D0072086B /* WorldView+Extension.swift in Sources */,
				B95E93232951C8B40072086B /* PersonEntity+CoreDataClass.swift in Sources */,
				B928A4562949DAE000D5C1AE /* AppDelegate.swift in Sources */,
				B95E92F229502D570072086B /* PersonViewController.swift in Sources */,
				B928A4A1294A7F7E00D5C1AE /* FilmsStorageManager.swift in Sources */,
				B95E930E295046FC0072086B /* BaseCell+Extension.swift in Sources */,
				B928A4582949DAE000D5C1AE /* SceneDelegate.swift in Sources */,
				B95E92E1294C7AE20072086B /* APIError.swift in Sources */,
				B95E93262951C8B40072086B /* WorldEntity+CoreDataProperties.swift in Sources */,
				B928A48C294A780900D5C1AE /* MainViewModel.swift in Sources */,
				B928A497294A7DDB00D5C1AE /* Storage.xcdatamodeld in Sources */,
				B95E92DD294C7ABE0072086B /* NetworkInterface.swift in Sources */,
				B95E9301295039840072086B /* FilmsEntity+CoreDataProperties.swift in Sources */,
				B95E9300295039840072086B /* FilmsEntity+CoreDataClass.swift in Sources */,
				B95E930729503F120072086B /* PersonTableViewCell.swift in Sources */,
				B95E930C295046F60072086B /* BaseCell.swift in Sources */,
				B928A494294A7D6800D5C1AE /* StorageManager.swift in Sources */,
				B95E9310295048730072086B /* MainTableViewCell.swift in Sources */,
			);
			runOnlyForDeploymentPostprocessing = 0;
		};
/* End PBXSourcesBuildPhase section */

/* Begin PBXVariantGroup section */
		B928A4632949DAE200D5C1AE /* LaunchScreen.storyboard */ = {
			isa = PBXVariantGroup;
			children = (
				B928A4642949DAE200D5C1AE /* Base */,
			);
			name = LaunchScreen.storyboard;
			sourceTree = "<group>";
		};
/* End PBXVariantGroup section */

/* Begin XCBuildConfiguration section */
		B928A4672949DAE200D5C1AE /* Debug */ = {
			isa = XCBuildConfiguration;
			buildSettings = {
				ALWAYS_SEARCH_USER_PATHS = NO;
				CLANG_ANALYZER_NONNULL = YES;
				CLANG_ANALYZER_NUMBER_OBJECT_CONVERSION = YES_AGGRESSIVE;
				CLANG_CXX_LANGUAGE_STANDARD = "gnu++20";
				CLANG_ENABLE_MODULES = YES;
				CLANG_ENABLE_OBJC_ARC = YES;
				CLANG_ENABLE_OBJC_WEAK = YES;
				CLANG_WARN_BLOCK_CAPTURE_AUTORELEASING = YES;
				CLANG_WARN_BOOL_CONVERSION = YES;
				CLANG_WARN_COMMA = YES;
				CLANG_WARN_CONSTANT_CONVERSION = YES;
				CLANG_WARN_DEPRECATED_OBJC_IMPLEMENTATIONS = YES;
				CLANG_WARN_DIRECT_OBJC_ISA_USAGE = YES_ERROR;
				CLANG_WARN_DOCUMENTATION_COMMENTS = YES;
				CLANG_WARN_EMPTY_BODY = YES;
				CLANG_WARN_ENUM_CONVERSION = YES;
				CLANG_WARN_INFINITE_RECURSION = YES;
				CLANG_WARN_INT_CONVERSION = YES;
				CLANG_WARN_NON_LITERAL_NULL_CONVERSION = YES;
				CLANG_WARN_OBJC_IMPLICIT_RETAIN_SELF = YES;
				CLANG_WARN_OBJC_LITERAL_CONVERSION = YES;
				CLANG_WARN_OBJC_ROOT_CLASS = YES_ERROR;
				CLANG_WARN_QUOTED_INCLUDE_IN_FRAMEWORK_HEADER = YES;
				CLANG_WARN_RANGE_LOOP_ANALYSIS = YES;
				CLANG_WARN_STRICT_PROTOTYPES = YES;
				CLANG_WARN_SUSPICIOUS_MOVE = YES;
				CLANG_WARN_UNGUARDED_AVAILABILITY = YES_AGGRESSIVE;
				CLANG_WARN_UNREACHABLE_CODE = YES;
				CLANG_WARN__DUPLICATE_METHOD_MATCH = YES;
				COPY_PHASE_STRIP = NO;
				DEBUG_INFORMATION_FORMAT = dwarf;
				ENABLE_STRICT_OBJC_MSGSEND = YES;
				ENABLE_TESTABILITY = YES;
				GCC_C_LANGUAGE_STANDARD = gnu11;
				GCC_DYNAMIC_NO_PIC = NO;
				GCC_NO_COMMON_BLOCKS = YES;
				GCC_OPTIMIZATION_LEVEL = 0;
				GCC_PREPROCESSOR_DEFINITIONS = (
					"DEBUG=1",
					"$(inherited)",
				);
				GCC_WARN_64_TO_32_BIT_CONVERSION = YES;
				GCC_WARN_ABOUT_RETURN_TYPE = YES_ERROR;
				GCC_WARN_UNDECLARED_SELECTOR = YES;
				GCC_WARN_UNINITIALIZED_AUTOS = YES_AGGRESSIVE;
				GCC_WARN_UNUSED_FUNCTION = YES;
				GCC_WARN_UNUSED_VARIABLE = YES;
				IPHONEOS_DEPLOYMENT_TARGET = 16.1;
				MTL_ENABLE_DEBUG_INFO = INCLUDE_SOURCE;
				MTL_FAST_MATH = YES;
				ONLY_ACTIVE_ARCH = YES;
				SDKROOT = iphoneos;
				SWIFT_ACTIVE_COMPILATION_CONDITIONS = DEBUG;
				SWIFT_OPTIMIZATION_LEVEL = "-Onone";
			};
			name = Debug;
		};
		B928A4682949DAE200D5C1AE /* Release */ = {
			isa = XCBuildConfiguration;
			buildSettings = {
				ALWAYS_SEARCH_USER_PATHS = NO;
				CLANG_ANALYZER_NONNULL = YES;
				CLANG_ANALYZER_NUMBER_OBJECT_CONVERSION = YES_AGGRESSIVE;
				CLANG_CXX_LANGUAGE_STANDARD = "gnu++20";
				CLANG_ENABLE_MODULES = YES;
				CLANG_ENABLE_OBJC_ARC = YES;
				CLANG_ENABLE_OBJC_WEAK = YES;
				CLANG_WARN_BLOCK_CAPTURE_AUTORELEASING = YES;
				CLANG_WARN_BOOL_CONVERSION = YES;
				CLANG_WARN_COMMA = YES;
				CLANG_WARN_CONSTANT_CONVERSION = YES;
				CLANG_WARN_DEPRECATED_OBJC_IMPLEMENTATIONS = YES;
				CLANG_WARN_DIRECT_OBJC_ISA_USAGE = YES_ERROR;
				CLANG_WARN_DOCUMENTATION_COMMENTS = YES;
				CLANG_WARN_EMPTY_BODY = YES;
				CLANG_WARN_ENUM_CONVERSION = YES;
				CLANG_WARN_INFINITE_RECURSION = YES;
				CLANG_WARN_INT_CONVERSION = YES;
				CLANG_WARN_NON_LITERAL_NULL_CONVERSION = YES;
				CLANG_WARN_OBJC_IMPLICIT_RETAIN_SELF = YES;
				CLANG_WARN_OBJC_LITERAL_CONVERSION = YES;
				CLANG_WARN_OBJC_ROOT_CLASS = YES_ERROR;
				CLANG_WARN_QUOTED_INCLUDE_IN_FRAMEWORK_HEADER = YES;
				CLANG_WARN_RANGE_LOOP_ANALYSIS = YES;
				CLANG_WARN_STRICT_PROTOTYPES = YES;
				CLANG_WARN_SUSPICIOUS_MOVE = YES;
				CLANG_WARN_UNGUARDED_AVAILABILITY = YES_AGGRESSIVE;
				CLANG_WARN_UNREACHABLE_CODE = YES;
				CLANG_WARN__DUPLICATE_METHOD_MATCH = YES;
				COPY_PHASE_STRIP = NO;
				DEBUG_INFORMATION_FORMAT = "dwarf-with-dsym";
				ENABLE_NS_ASSERTIONS = NO;
				ENABLE_STRICT_OBJC_MSGSEND = YES;
				GCC_C_LANGUAGE_STANDARD = gnu11;
				GCC_NO_COMMON_BLOCKS = YES;
				GCC_WARN_64_TO_32_BIT_CONVERSION = YES;
				GCC_WARN_ABOUT_RETURN_TYPE = YES_ERROR;
				GCC_WARN_UNDECLARED_SELECTOR = YES;
				GCC_WARN_UNINITIALIZED_AUTOS = YES_AGGRESSIVE;
				GCC_WARN_UNUSED_FUNCTION = YES;
				GCC_WARN_UNUSED_VARIABLE = YES;
				IPHONEOS_DEPLOYMENT_TARGET = 16.1;
				MTL_ENABLE_DEBUG_INFO = NO;
				MTL_FAST_MATH = YES;
				SDKROOT = iphoneos;
				SWIFT_COMPILATION_MODE = wholemodule;
				SWIFT_OPTIMIZATION_LEVEL = "-O";
				VALIDATE_PRODUCT = YES;
			};
			name = Release;
		};
		B928A46A2949DAE200D5C1AE /* Debug */ = {
			isa = XCBuildConfiguration;
			buildSettings = {
				ASSETCATALOG_COMPILER_APPICON_NAME = AppIcon;
				ASSETCATALOG_COMPILER_GLOBAL_ACCENT_COLOR_NAME = AccentColor;
				CODE_SIGN_STYLE = Automatic;
				CURRENT_PROJECT_VERSION = 1;
				DEVELOPMENT_TEAM = C7KTNXK32K;
				GENERATE_INFOPLIST_FILE = YES;
				INFOPLIST_FILE = starWarsList/Info.plist;
				INFOPLIST_KEY_UIApplicationSupportsIndirectInputEvents = YES;
				INFOPLIST_KEY_UILaunchStoryboardName = LaunchScreen;
				INFOPLIST_KEY_UISupportedInterfaceOrientations_iPad = "UIInterfaceOrientationPortrait UIInterfaceOrientationPortraitUpsideDown UIInterfaceOrientationLandscapeLeft UIInterfaceOrientationLandscapeRight";
				INFOPLIST_KEY_UISupportedInterfaceOrientations_iPhone = "UIInterfaceOrientationPortrait UIInterfaceOrientationLandscapeLeft UIInterfaceOrientationLandscapeRight";
				IPHONEOS_DEPLOYMENT_TARGET = 15.0;
				LD_RUNPATH_SEARCH_PATHS = (
					"$(inherited)",
					"@executable_path/Frameworks",
				);
				MARKETING_VERSION = 1.0;
				PRODUCT_BUNDLE_IDENTIFIER = edwdwedew.starWarsList;
				PRODUCT_NAME = "$(TARGET_NAME)";
				SWIFT_EMIT_LOC_STRINGS = YES;
				SWIFT_VERSION = 5.0;
				TARGETED_DEVICE_FAMILY = "1,2";
			};
			name = Debug;
		};
		B928A46B2949DAE200D5C1AE /* Release */ = {
			isa = XCBuildConfiguration;
			buildSettings = {
				ASSETCATALOG_COMPILER_APPICON_NAME = AppIcon;
				ASSETCATALOG_COMPILER_GLOBAL_ACCENT_COLOR_NAME = AccentColor;
				CODE_SIGN_STYLE = Automatic;
				CURRENT_PROJECT_VERSION = 1;
				DEVELOPMENT_TEAM = C7KTNXK32K;
				GENERATE_INFOPLIST_FILE = YES;
				INFOPLIST_FILE = starWarsList/Info.plist;
				INFOPLIST_KEY_UIApplicationSupportsIndirectInputEvents = YES;
				INFOPLIST_KEY_UILaunchStoryboardName = LaunchScreen;
				INFOPLIST_KEY_UISupportedInterfaceOrientations_iPad = "UIInterfaceOrientationPortrait UIInterfaceOrientationPortraitUpsideDown UIInterfaceOrientationLandscapeLeft UIInterfaceOrientationLandscapeRight";
				INFOPLIST_KEY_UISupportedInterfaceOrientations_iPhone = "UIInterfaceOrientationPortrait UIInterfaceOrientationLandscapeLeft UIInterfaceOrientationLandscapeRight";
				IPHONEOS_DEPLOYMENT_TARGET = 15.0;
				LD_RUNPATH_SEARCH_PATHS = (
					"$(inherited)",
					"@executable_path/Frameworks",
				);
				MARKETING_VERSION = 1.0;
				PRODUCT_BUNDLE_IDENTIFIER = edwdwedew.starWarsList;
				PRODUCT_NAME = "$(TARGET_NAME)";
				SWIFT_EMIT_LOC_STRINGS = YES;
				SWIFT_VERSION = 5.0;
				TARGETED_DEVICE_FAMILY = "1,2";
			};
			name = Release;
		};
/* End XCBuildConfiguration section */

/* Begin XCConfigurationList section */
		B928A44D2949DAE000D5C1AE /* Build configuration list for PBXProject "starWarsList" */ = {
			isa = XCConfigurationList;
			buildConfigurations = (
				B928A4672949DAE200D5C1AE /* Debug */,
				B928A4682949DAE200D5C1AE /* Release */,
			);
			defaultConfigurationIsVisible = 0;
			defaultConfigurationName = Release;
		};
		B928A4692949DAE200D5C1AE /* Build configuration list for PBXNativeTarget "starWarsList" */ = {
			isa = XCConfigurationList;
			buildConfigurations = (
				B928A46A2949DAE200D5C1AE /* Debug */,
				B928A46B2949DAE200D5C1AE /* Release */,
			);
			defaultConfigurationIsVisible = 0;
			defaultConfigurationName = Release;
		};
/* End XCConfigurationList section */

/* Begin XCVersionGroup section */
		B928A495294A7DDB00D5C1AE /* Storage.xcdatamodeld */ = {
			isa = XCVersionGroup;
			children = (
				B928A496294A7DDB00D5C1AE /* Storage.xcdatamodel */,
			);
			currentVersion = B928A496294A7DDB00D5C1AE /* Storage.xcdatamodel */;
			path = Storage.xcdatamodeld;
			sourceTree = "<group>";
			versionGroupType = wrapper.xcdatamodel;
		};
/* End XCVersionGroup section */
	};
	rootObject = B928A44A2949DAE000D5C1AE /* Project object */;
}
